// !$*UTF8*$!
{
	archiveVersion = 1;
	classes = {
	};
	objectVersion = 56;
	objects = {

/* Begin PBXBuildFile section */
		4597BFFD2B545CDF0097311E /* AppDelegate.swift in Sources */ = {isa = PBXBuildFile; fileRef = 4597BFFC2B545CDF0097311E /* AppDelegate.swift */; };
		4597C0012B545CDF0097311E /* ViewController.swift in Sources */ = {isa = PBXBuildFile; fileRef = 4597C0002B545CDF0097311E /* ViewController.swift */; };
		4597C0062B545CE00097311E /* Assets.xcassets in Resources */ = {isa = PBXBuildFile; fileRef = 4597C0052B545CE00097311E /* Assets.xcassets */; };
		4597C0092B545CE00097311E /* LaunchScreen.storyboard in Resources */ = {isa = PBXBuildFile; fileRef = 4597C0072B545CE00097311E /* LaunchScreen.storyboard */; };
		4597C0112B5468A30097311E /* GenerateViewController.swift in Sources */ = {isa = PBXBuildFile; fileRef = 4597C0102B5468A30097311E /* GenerateViewController.swift */; };
		4597C0132B54700A0097311E /* RandomImageModel.swift in Sources */ = {isa = PBXBuildFile; fileRef = 4597C0122B54700A0097311E /* RandomImageModel.swift */; };
		45AB85472B64E7F600CAD18B /* LRUCacheManager.swift in Sources */ = {isa = PBXBuildFile; fileRef = 45AB85462B64E7F600CAD18B /* LRUCacheManager.swift */; };
		45AB85492B64ED3000CAD18B /* RecentlyGeneratedViewController.swift in Sources */ = {isa = PBXBuildFile; fileRef = 45AB85482B64ED3000CAD18B /* RecentlyGeneratedViewController.swift */; };
		45AB854B2B64EF9D00CAD18B /* ImageCollectionCell.swift in Sources */ = {isa = PBXBuildFile; fileRef = 45AB854A2B64EF9D00CAD18B /* ImageCollectionCell.swift */; };
/* End PBXBuildFile section */

/* Begin PBXFileReference section */
		4597BFF92B545CDF0097311E /* RandomAppGenerator.app */ = {isa = PBXFileReference; explicitFileType = wrapper.application; includeInIndex = 0; path = RandomAppGenerator.app; sourceTree = BUILT_PRODUCTS_DIR; };
		4597BFFC2B545CDF0097311E /* AppDelegate.swift */ = {isa = PBXFileReference; lastKnownFileType = sourcecode.swift; path = AppDelegate.swift; sourceTree = "<group>"; };
		4597C0002B545CDF0097311E /* ViewController.swift */ = {isa = PBXFileReference; lastKnownFileType = sourcecode.swift; path = ViewController.swift; sourceTree = "<group>"; };
		4597C0052B545CE00097311E /* Assets.xcassets */ = {isa = PBXFileReference; lastKnownFileType = folder.assetcatalog; path = Assets.xcassets; sourceTree = "<group>"; };
		4597C0082B545CE00097311E /* Base */ = {isa = PBXFileReference; lastKnownFileType = file.storyboard; name = Base; path = Base.lproj/LaunchScreen.storyboard; sourceTree = "<group>"; };
		4597C00A2B545CE00097311E /* Info.plist */ = {isa = PBXFileReference; lastKnownFileType = text.plist.xml; path = Info.plist; sourceTree = "<group>"; };
		4597C0102B5468A30097311E /* GenerateViewController.swift */ = {isa = PBXFileReference; lastKnownFileType = sourcecode.swift; path = GenerateViewController.swift; sourceTree = "<group>"; };
		4597C0122B54700A0097311E /* RandomImageModel.swift */ = {isa = PBXFileReference; lastKnownFileType = sourcecode.swift; path = RandomImageModel.swift; sourceTree = "<group>"; };
		45AB85462B64E7F600CAD18B /* LRUCacheManager.swift */ = {isa = PBXFileReference; lastKnownFileType = sourcecode.swift; path = LRUCacheManager.swift; sourceTree = "<group>"; };
		45AB85482B64ED3000CAD18B /* RecentlyGeneratedViewController.swift */ = {isa = PBXFileReference; lastKnownFileType = sourcecode.swift; path = RecentlyGeneratedViewController.swift; sourceTree = "<group>"; };
		45AB854A2B64EF9D00CAD18B /* ImageCollectionCell.swift */ = {isa = PBXFileReference; lastKnownFileType = sourcecode.swift; path = ImageCollectionCell.swift; sourceTree = "<group>"; };
/* End PBXFileReference section */

/* Begin PBXFrameworksBuildPhase section */
		4597BFF62B545CDF0097311E /* Frameworks */ = {
			isa = PBXFrameworksBuildPhase;
			buildActionMask = 2147483647;
			files = (
			);
			runOnlyForDeploymentPostprocessing = 0;
		};
/* End PBXFrameworksBuildPhase section */

/* Begin PBXGroup section */
		4597BFF02B545CDF0097311E = {
			isa = PBXGroup;
			children = (
				4597BFFB2B545CDF0097311E /* RandomAppGenerator */,
				4597BFFA2B545CDF0097311E /* Products */,
			);
			sourceTree = "<group>";
		};
		4597BFFA2B545CDF0097311E /* Products */ = {
			isa = PBXGroup;
			children = (
				4597BFF92B545CDF0097311E /* RandomAppGenerator.app */,
			);
			name = Products;
			sourceTree = "<group>";
		};
		4597BFFB2B545CDF0097311E /* RandomAppGenerator */ = {
			isa = PBXGroup;
			children = (
				4597BFFC2B545CDF0097311E /* AppDelegate.swift */,
				4597C0002B545CDF0097311E /* ViewController.swift */,
				4597C0052B545CE00097311E /* Assets.xcassets */,
				4597C0072B545CE00097311E /* LaunchScreen.storyboard */,
				4597C00A2B545CE00097311E /* Info.plist */,
				4597C0102B5468A30097311E /* GenerateViewController.swift */,
				4597C0122B54700A0097311E /* RandomImageModel.swift */,
				45AB85462B64E7F600CAD18B /* LRUCacheManager.swift */,
				45AB85482B64ED3000CAD18B /* RecentlyGeneratedViewController.swift */,
				45AB854A2B64EF9D00CAD18B /* ImageCollectionCell.swift */,
			);
			path = RandomAppGenerator;
			sourceTree = "<group>";
		};
/* End PBXGroup section */

/* Begin PBXNativeTarget section */
		4597BFF82B545CDF0097311E /* RandomAppGenerator */ = {
			isa = PBXNativeTarget;
			buildConfigurationList = 4597C00D2B545CE00097311E /* Build configuration list for PBXNativeTarget "RandomAppGenerator" */;
			buildPhases = (
				4597BFF52B545CDF0097311E /* Sources */,
				4597BFF62B545CDF0097311E /* Frameworks */,
				4597BFF72B545CDF0097311E /* Resources */,
			);
			buildRules = (
			);
			dependencies = (
			);
			name = RandomAppGenerator;
			productName = RandomAppGenerator;
			productReference = 4597BFF92B545CDF0097311E /* RandomAppGenerator.app */;
			productType = "com.apple.product-type.application";
		};
/* End PBXNativeTarget section */

/* Begin PBXProject section */
		4597BFF12B545CDF0097311E /* Project object */ = {
			isa = PBXProject;
			attributes = {
				BuildIndependentTargetsInParallel = 1;
				LastSwiftUpdateCheck = 1420;
				LastUpgradeCheck = 1420;
				TargetAttributes = {
					4597BFF82B545CDF0097311E = {
						CreatedOnToolsVersion = 14.2;
					};
				};
			};
			buildConfigurationList = 4597BFF42B545CDF0097311E /* Build configuration list for PBXProject "RandomAppGenerator" */;
			compatibilityVersion = "Xcode 14.0";
			developmentRegion = en;
			hasScannedForEncodings = 0;
			knownRegions = (
				en,
				Base,
			);
			mainGroup = 4597BFF02B545CDF0097311E;
			productRefGroup = 4597BFFA2B545CDF0097311E /* Products */;
			projectDirPath = "";
			projectRoot = "";
			targets = (
				4597BFF82B545CDF0097311E /* RandomAppGenerator */,
			);
		};
/* End PBXProject section */

/* Begin PBXResourcesBuildPhase section */
		4597BFF72B545CDF0097311E /* Resources */ = {
			isa = PBXResourcesBuildPhase;
			buildActionMask = 2147483647;
			files = (
				4597C0092B545CE00097311E /* LaunchScreen.storyboard in Resources */,
				4597C0062B545CE00097311E /* Assets.xcassets in Resources */,
			);
			runOnlyForDeploymentPostprocessing = 0;
		};
/* End PBXResourcesBuildPhase section */

/* Begin PBXSourcesBuildPhase section */
		4597BFF52B545CDF0097311E /* Sources */ = {
			isa = PBXSourcesBuildPhase;
			buildActionMask = 2147483647;
			files = (
				45AB854B2B64EF9D00CAD18B /* ImageCollectionCell.swift in Sources */,
				4597C0012B545CDF0097311E /* ViewController.swift in Sources */,
				4597C0112B5468A30097311E /* GenerateViewController.swift in Sources */,
				4597C0132B54700A0097311E /* RandomImageModel.swift in Sources */,
				45AB85472B64E7F600CAD18B /* LRUCacheManager.swift in Sources */,
				45AB85492B64ED3000CAD18B /* RecentlyGeneratedViewController.swift in Sources */,
				4597BFFD2B545CDF0097311E /* AppDelegate.swift in Sources */,
			);
			runOnlyForDeploymentPostprocessing = 0;
		};
/* End PBXSourcesBuildPhase section */

/* Begin PBXVariantGroup section */
		4597C0072B545CE00097311E /* LaunchScreen.storyboard */ = {
			isa = PBXVariantGroup;
			children = (
				4597C0082B545CE00097311E /* Base */,
			);
			name = LaunchScreen.storyboard;
			sourceTree = "<group>";
		};
/* End PBXVariantGroup section */

/* Begin XCBuildConfiguration section */
		4597C00B2B545CE00097311E /* Debug */ = {
			isa = XCBuildConfiguration;
			buildSettings = {
				ALWAYS_SEARCH_USER_PATHS = NO;
				CLANG_ANALYZER_NONNULL = YES;
				CLANG_ANALYZER_NUMBER_OBJECT_CONVERSION = YES_AGGRESSIVE;
				CLANG_CXX_LANGUAGE_STANDARD = "gnu++20";
				CLANG_ENABLE_MODULES = YES;
				CLANG_ENABLE_OBJC_ARC = YES;
				CLANG_ENABLE_OBJC_WEAK = YES;
				CLANG_WARN_BLOCK_CAPTURE_AUTORELEASING = YES;
				CLANG_WARN_BOOL_CONVERSION = YES;
				CLANG_WARN_COMMA = YES;
				CLANG_WARN_CONSTANT_CONVERSION = YES;
				CLANG_WARN_DEPRECATED_OBJC_IMPLEMENTATIONS = YES;
				CLANG_WARN_DIRECT_OBJC_ISA_USAGE = YES_ERROR;
				CLANG_WARN_DOCUMENTATION_COMMENTS = YES;
				CLANG_WARN_EMPTY_BODY = YES;
				CLANG_WARN_ENUM_CONVERSION = YES;
				CLANG_WARN_INFINITE_RECURSION = YES;
				CLANG_WARN_INT_CONVERSION = YES;
				CLANG_WARN_NON_LITERAL_NULL_CONVERSION = YES;
				CLANG_WARN_OBJC_IMPLICIT_RETAIN_SELF = YES;
				CLANG_WARN_OBJC_LITERAL_CONVERSION = YES;
				CLANG_WARN_OBJC_ROOT_CLASS = YES_ERROR;
				CLANG_WARN_QUOTED_INCLUDE_IN_FRAMEWORK_HEADER = YES;
				CLANG_WARN_RANGE_LOOP_ANALYSIS = YES;
				CLANG_WARN_STRICT_PROTOTYPES = YES;
				CLANG_WARN_SUSPICIOUS_MOVE = YES;
				CLANG_WARN_UNGUARDED_AVAILABILITY = YES_AGGRESSIVE;
				CLANG_WARN_UNREACHABLE_CODE = YES;
				CLANG_WARN__DUPLICATE_METHOD_MATCH = YES;
				COPY_PHASE_STRIP = NO;
				DEBUG_INFORMATION_FORMAT = dwarf;
				ENABLE_STRICT_OBJC_MSGSEND = YES;
				ENABLE_TESTABILITY = YES;
				GCC_C_LANGUAGE_STANDARD = gnu11;
				GCC_DYNAMIC_NO_PIC = NO;
				GCC_NO_COMMON_BLOCKS = YES;
				GCC_OPTIMIZATION_LEVEL = 0;
				GCC_PREPROCESSOR_DEFINITIONS = (
					"DEBUG=1",
					"$(inherited)",
				);
				GCC_WARN_64_TO_32_BIT_CONVERSION = YES;
				GCC_WARN_ABOUT_RETURN_TYPE = YES_ERROR;
				GCC_WARN_UNDECLARED_SELECTOR = YES;
				GCC_WARN_UNINITIALIZED_AUTOS = YES_AGGRESSIVE;
				GCC_WARN_UNUSED_FUNCTION = YES;
				GCC_WARN_UNUSED_VARIABLE = YES;
				IPHONEOS_DEPLOYMENT_TARGET = 16.2;
				MTL_ENABLE_DEBUG_INFO = INCLUDE_SOURCE;
				MTL_FAST_MATH = YES;
				ONLY_ACTIVE_ARCH = YES;
				SDKROOT = iphoneos;
				SWIFT_ACTIVE_COMPILATION_CONDITIONS = DEBUG;
				SWIFT_OPTIMIZATION_LEVEL = "-Onone";
			};
			name = Debug;
		};
		4597C00C2B545CE00097311E /* Release */ = {
			isa = XCBuildConfiguration;
			buildSettings = {
				ALWAYS_SEARCH_USER_PATHS = NO;
				CLANG_ANALYZER_NONNULL = YES;
				CLANG_ANALYZER_NUMBER_OBJECT_CONVERSION = YES_AGGRESSIVE;
				CLANG_CXX_LANGUAGE_STANDARD = "gnu++20";
				CLANG_ENABLE_MODULES = YES;
				CLANG_ENABLE_OBJC_ARC = YES;
				CLANG_ENABLE_OBJC_WEAK = YES;
				CLANG_WARN_BLOCK_CAPTURE_AUTORELEASING = YES;
				CLANG_WARN_BOOL_CONVERSION = YES;
				CLANG_WARN_COMMA = YES;
				CLANG_WARN_CONSTANT_CONVERSION = YES;
				CLANG_WARN_DEPRECATED_OBJC_IMPLEMENTATIONS = YES;
				CLANG_WARN_DIRECT_OBJC_ISA_USAGE = YES_ERROR;
				CLANG_WARN_DOCUMENTATION_COMMENTS = YES;
				CLANG_WARN_EMPTY_BODY = YES;
				CLANG_WARN_ENUM_CONVERSION = YES;
				CLANG_WARN_INFINITE_RECURSION = YES;
				CLANG_WARN_INT_CONVERSION = YES;
				CLANG_WARN_NON_LITERAL_NULL_CONVERSION = YES;
				CLANG_WARN_OBJC_IMPLICIT_RETAIN_SELF = YES;
				CLANG_WARN_OBJC_LITERAL_CONVERSION = YES;
				CLANG_WARN_OBJC_ROOT_CLASS = YES_ERROR;
				CLANG_WARN_QUOTED_INCLUDE_IN_FRAMEWORK_HEADER = YES;
				CLANG_WARN_RANGE_LOOP_ANALYSIS = YES;
				CLANG_WARN_STRICT_PROTOTYPES = YES;
				CLANG_WARN_SUSPICIOUS_MOVE = YES;
				CLANG_WARN_UNGUARDED_AVAILABILITY = YES_AGGRESSIVE;
				CLANG_WARN_UNREACHABLE_CODE = YES;
				CLANG_WARN__DUPLICATE_METHOD_MATCH = YES;
				COPY_PHASE_STRIP = NO;
				DEBUG_INFORMATION_FORMAT = "dwarf-with-dsym";
				ENABLE_NS_ASSERTIONS = NO;
				ENABLE_STRICT_OBJC_MSGSEND = YES;
				GCC_C_LANGUAGE_STANDARD = gnu11;
				GCC_NO_COMMON_BLOCKS = YES;
				GCC_WARN_64_TO_32_BIT_CONVERSION = YES;
				GCC_WARN_ABOUT_RETURN_TYPE = YES_ERROR;
				GCC_WARN_UNDECLARED_SELECTOR = YES;
				GCC_WARN_UNINITIALIZED_AUTOS = YES_AGGRESSIVE;
				GCC_WARN_UNUSED_FUNCTION = YES;
				GCC_WARN_UNUSED_VARIABLE = YES;
				IPHONEOS_DEPLOYMENT_TARGET = 16.2;
				MTL_ENABLE_DEBUG_INFO = NO;
				MTL_FAST_MATH = YES;
				SDKROOT = iphoneos;
				SWIFT_COMPILATION_MODE = wholemodule;
				SWIFT_OPTIMIZATION_LEVEL = "-O";
				VALIDATE_PRODUCT = YES;
			};
			name = Release;
		};
		4597C00E2B545CE00097311E /* Debug */ = {
			isa = XCBuildConfiguration;
			buildSettings = {
				ASSETCATALOG_COMPILER_APPICON_NAME = AppIcon;
				ASSETCATALOG_COMPILER_GLOBAL_ACCENT_COLOR_NAME = AccentColor;
				CODE_SIGN_STYLE = Automatic;
				CURRENT_PROJECT_VERSION = 1;
				DEVELOPMENT_TEAM = FJLPT77A7W;
				GENERATE_INFOPLIST_FILE = YES;
				INFOPLIST_FILE = RandomAppGenerator/Info.plist;
				INFOPLIST_KEY_UIApplicationSupportsIndirectInputEvents = YES;
				INFOPLIST_KEY_UILaunchStoryboardName = LaunchScreen;
				INFOPLIST_KEY_UISupportedInterfaceOrientations_iPad = "UIInterfaceOrientationPortrait UIInterfaceOrientationPortraitUpsideDown UIInterfaceOrientationLandscapeLeft UIInterfaceOrientationLandscapeRight";
				INFOPLIST_KEY_UISupportedInterfaceOrientations_iPhone = "UIInterfaceOrientationPortrait UIInterfaceOrientationLandscapeLeft UIInterfaceOrientationLandscapeRight";
				IPHONEOS_DEPLOYMENT_TARGET = 14.0;
				LD_RUNPATH_SEARCH_PATHS = (
					"$(inherited)",
					"@executable_path/Frameworks",
				);
				MARKETING_VERSION = 1.0;
				PRODUCT_BUNDLE_IDENTIFIER = GetStream.base.RandomAppGenerator;
				PRODUCT_NAME = "$(TARGET_NAME)";
				SWIFT_EMIT_LOC_STRINGS = YES;
				SWIFT_VERSION = 5.0;
				TARGETED_DEVICE_FAMILY = "1,2";
			};
			name = Debug;
		};
		4597C00F2B545CE00097311E /* Release */ = {
			isa = XCBuildConfiguration;
			buildSettings = {
				ASSETCATALOG_COMPILER_APPICON_NAME = AppIcon;
				ASSETCATALOG_COMPILER_GLOBAL_ACCENT_COLOR_NAME = AccentColor;
				CODE_SIGN_STYLE = Automatic;
				CURRENT_PROJECT_VERSION = 1;
				DEVELOPMENT_TEAM = FJLPT77A7W;
				GENERATE_INFOPLIST_FILE = YES;
				INFOPLIST_FILE = RandomAppGenerator/Info.plist;
				INFOPLIST_KEY_UIApplicationSupportsIndirectInputEvents = YES;
				INFOPLIST_KEY_UILaunchStoryboardName = LaunchScreen;
				INFOPLIST_KEY_UISupportedInterfaceOrientations_iPad = "UIInterfaceOrientationPortrait UIInterfaceOrientationPortraitUpsideDown UIInterfaceOrientationLandscapeLeft UIInterfaceOrientationLandscapeRight";
				INFOPLIST_KEY_UISupportedInterfaceOrientations_iPhone = "UIInterfaceOrientationPortrait UIInterfaceOrientationLandscapeLeft UIInterfaceOrientationLandscapeRight";
				IPHONEOS_DEPLOYMENT_TARGET = 14.0;
				LD_RUNPATH_SEARCH_PATHS = (
					"$(inherited)",
					"@executable_path/Frameworks",
				);
				MARKETING_VERSION = 1.0;
				PRODUCT_BUNDLE_IDENTIFIER = GetStream.base.RandomAppGenerator;
				PRODUCT_NAME = "$(TARGET_NAME)";
				SWIFT_EMIT_LOC_STRINGS = YES;
				SWIFT_VERSION = 5.0;
				TARGETED_DEVICE_FAMILY = "1,2";
			};
			name = Release;
		};
/* End XCBuildConfiguration section */

/* Begin XCConfigurationList section */
		4597BFF42B545CDF0097311E /* Build configuration list for PBXProject "RandomAppGenerator" */ = {
			isa = XCConfigurationList;
			buildConfigurations = (
				4597C00B2B545CE00097311E /* Debug */,
				4597C00C2B545CE00097311E /* Release */,
			);
			defaultConfigurationIsVisible = 0;
			defaultConfigurationName = Release;
		};
		4597C00D2B545CE00097311E /* Build configuration list for PBXNativeTarget "RandomAppGenerator" */ = {
			isa = XCConfigurationList;
			buildConfigurations = (
				4597C00E2B545CE00097311E /* Debug */,
				4597C00F2B545CE00097311E /* Release */,
			);
			defaultConfigurationIsVisible = 0;
			defaultConfigurationName = Release;
		};
/* End XCConfigurationList section */
	};
	rootObject = 4597BFF12B545CDF0097311E /* Project object */;
}
